// !$*UTF8*$!
{
	archiveVersion = 1;
	classes = {
	};
	objectVersion = 46;
	objects = {

/* Begin PBXBuildFile section */
		ED0F9B7A1BF30CA000D59622 /* main.m in Sources */ = {isa = PBXBuildFile; fileRef = ED0F9B791BF30CA000D59622 /* main.m */; };
		ED0F9B7D1BF30CA000D59622 /* AppDelegate.m in Sources */ = {isa = PBXBuildFile; fileRef = ED0F9B7C1BF30CA000D59622 /* AppDelegate.m */; };
		ED0F9B801BF30CA000D59622 /* ViewController.m in Sources */ = {isa = PBXBuildFile; fileRef = ED0F9B7F1BF30CA000D59622 /* ViewController.m */; };
		ED0F9B831BF30CA000D59622 /* Main.storyboard in Resources */ = {isa = PBXBuildFile; fileRef = ED0F9B811BF30CA000D59622 /* Main.storyboard */; };
		ED0F9B851BF30CA000D59622 /* Assets.xcassets in Resources */ = {isa = PBXBuildFile; fileRef = ED0F9B841BF30CA000D59622 /* Assets.xcassets */; };
		ED0F9B881BF30CA000D59622 /* LaunchScreen.storyboard in Resources */ = {isa = PBXBuildFile; fileRef = ED0F9B861BF30CA000D59622 /* LaunchScreen.storyboard */; };
		ED0F9B911BF30D5D00D59622 /* CCAdsPlayView.m in Sources */ = {isa = PBXBuildFile; fileRef = ED0F9B901BF30D5D00D59622 /* CCAdsPlayView.m */; };
		ED0F9BE61BF3179700D59622 /* MKAnnotationView+WebCache.m in Sources */ = {isa = PBXBuildFile; fileRef = ED0F9BC61BF3179700D59622 /* MKAnnotationView+WebCache.m */; };
		ED0F9BE71BF3179700D59622 /* NSData+ImageContentType.m in Sources */ = {isa = PBXBuildFile; fileRef = ED0F9BC81BF3179700D59622 /* NSData+ImageContentType.m */; };
		ED0F9BE81BF3179700D59622 /* SDImageCache.m in Sources */ = {isa = PBXBuildFile; fileRef = ED0F9BCA1BF3179700D59622 /* SDImageCache.m */; };
		ED0F9BE91BF3179700D59622 /* SDWebImageCompat.m in Sources */ = {isa = PBXBuildFile; fileRef = ED0F9BCC1BF3179700D59622 /* SDWebImageCompat.m */; };
		ED0F9BEA1BF3179700D59622 /* SDWebImageDecoder.m in Sources */ = {isa = PBXBuildFile; fileRef = ED0F9BCE1BF3179700D59622 /* SDWebImageDecoder.m */; };
		ED0F9BEB1BF3179700D59622 /* SDWebImageDownloader.m in Sources */ = {isa = PBXBuildFile; fileRef = ED0F9BD01BF3179700D59622 /* SDWebImageDownloader.m */; };
		ED0F9BEC1BF3179700D59622 /* SDWebImageDownloaderOperation.m in Sources */ = {isa = PBXBuildFile; fileRef = ED0F9BD21BF3179700D59622 /* SDWebImageDownloaderOperation.m */; };
		ED0F9BED1BF3179700D59622 /* SDWebImageManager.m in Sources */ = {isa = PBXBuildFile; fileRef = ED0F9BD41BF3179700D59622 /* SDWebImageManager.m */; };
		ED0F9BEE1BF3179700D59622 /* SDWebImagePrefetcher.m in Sources */ = {isa = PBXBuildFile; fileRef = ED0F9BD71BF3179700D59622 /* SDWebImagePrefetcher.m */; };
		ED0F9BEF1BF3179700D59622 /* UIButton+WebCache.m in Sources */ = {isa = PBXBuildFile; fileRef = ED0F9BD91BF3179700D59622 /* UIButton+WebCache.m */; };
		ED0F9BF01BF3179700D59622 /* UIImage+GIF.m in Sources */ = {isa = PBXBuildFile; fileRef = ED0F9BDB1BF3179700D59622 /* UIImage+GIF.m */; };
		ED0F9BF11BF3179700D59622 /* UIImage+MultiFormat.m in Sources */ = {isa = PBXBuildFile; fileRef = ED0F9BDD1BF3179700D59622 /* UIImage+MultiFormat.m */; };
		ED0F9BF21BF3179700D59622 /* UIImage+WebP.m in Sources */ = {isa = PBXBuildFile; fileRef = ED0F9BDF1BF3179700D59622 /* UIImage+WebP.m */; };
		ED0F9BF31BF3179700D59622 /* UIImageView+HighlightedWebCache.m in Sources */ = {isa = PBXBuildFile; fileRef = ED0F9BE11BF3179700D59622 /* UIImageView+HighlightedWebCache.m */; };
		ED0F9BF41BF3179700D59622 /* UIImageView+WebCache.m in Sources */ = {isa = PBXBuildFile; fileRef = ED0F9BE31BF3179700D59622 /* UIImageView+WebCache.m */; };
		ED0F9BF51BF3179700D59622 /* UIView+WebCacheOperation.m in Sources */ = {isa = PBXBuildFile; fileRef = ED0F9BE51BF3179700D59622 /* UIView+WebCacheOperation.m */; };
/* End PBXBuildFile section */

/* Begin PBXFileReference section */
		ED0F9B751BF30CA000D59622 /* CCAdsPlayView.app */ = {isa = PBXFileReference; explicitFileType = wrapper.application; includeInIndex = 0; path = CCAdsPlayView.app; sourceTree = BUILT_PRODUCTS_DIR; };
		ED0F9B791BF30CA000D59622 /* main.m */ = {isa = PBXFileReference; lastKnownFileType = sourcecode.c.objc; path = main.m; sourceTree = "<group>"; };
		ED0F9B7B1BF30CA000D59622 /* AppDelegate.h */ = {isa = PBXFileReference; lastKnownFileType = sourcecode.c.h; path = AppDelegate.h; sourceTree = "<group>"; };
		ED0F9B7C1BF30CA000D59622 /* AppDelegate.m */ = {isa = PBXFileReference; lastKnownFileType = sourcecode.c.objc; path = AppDelegate.m; sourceTree = "<group>"; };
		ED0F9B7E1BF30CA000D59622 /* ViewController.h */ = {isa = PBXFileReference; lastKnownFileType = sourcecode.c.h; path = ViewController.h; sourceTree = "<group>"; };
		ED0F9B7F1BF30CA000D59622 /* ViewController.m */ = {isa = PBXFileReference; lastKnownFileType = sourcecode.c.objc; path = ViewController.m; sourceTree = "<group>"; };
		ED0F9B821BF30CA000D59622 /* Base */ = {isa = PBXFileReference; lastKnownFileType = file.storyboard; name = Base; path = Base.lproj/Main.storyboard; sourceTree = "<group>"; };
		ED0F9B841BF30CA000D59622 /* Assets.xcassets */ = {isa = PBXFileReference; lastKnownFileType = folder.assetcatalog; path = Assets.xcassets; sourceTree = "<group>"; };
		ED0F9B871BF30CA000D59622 /* Base */ = {isa = PBXFileReference; lastKnownFileType = file.storyboard; name = Base; path = Base.lproj/LaunchScreen.storyboard; sourceTree = "<group>"; };
		ED0F9B891BF30CA000D59622 /* Info.plist */ = {isa = PBXFileReference; lastKnownFileType = text.plist.xml; path = Info.plist; sourceTree = "<group>"; };
		ED0F9B8F1BF30D5D00D59622 /* CCAdsPlayView.h */ = {isa = PBXFileReference; fileEncoding = 4; lastKnownFileType = sourcecode.c.h; path = CCAdsPlayView.h; sourceTree = "<group>"; };
		ED0F9B901BF30D5D00D59622 /* CCAdsPlayView.m */ = {isa = PBXFileReference; fileEncoding = 4; lastKnownFileType = sourcecode.c.objc; path = CCAdsPlayView.m; sourceTree = "<group>"; };
		ED0F9BC51BF3179700D59622 /* MKAnnotationView+WebCache.h */ = {isa = PBXFileReference; fileEncoding = 4; lastKnownFileType = sourcecode.c.h; path = "MKAnnotationView+WebCache.h"; sourceTree = "<group>"; };
		ED0F9BC61BF3179700D59622 /* MKAnnotationView+WebCache.m */ = {isa = PBXFileReference; fileEncoding = 4; lastKnownFileType = sourcecode.c.objc; path = "MKAnnotationView+WebCache.m"; sourceTree = "<group>"; };
		ED0F9BC71BF3179700D59622 /* NSData+ImageContentType.h */ = {isa = PBXFileReference; fileEncoding = 4; lastKnownFileType = sourcecode.c.h; path = "NSData+ImageContentType.h"; sourceTree = "<group>"; };
		ED0F9BC81BF3179700D59622 /* NSData+ImageContentType.m */ = {isa = PBXFileReference; fileEncoding = 4; lastKnownFileType = sourcecode.c.objc; path = "NSData+ImageContentType.m"; sourceTree = "<group>"; };
		ED0F9BC91BF3179700D59622 /* SDImageCache.h */ = {isa = PBXFileReference; fileEncoding = 4; lastKnownFileType = sourcecode.c.h; path = SDImageCache.h; sourceTree = "<group>"; };
		ED0F9BCA1BF3179700D59622 /* SDImageCache.m */ = {isa = PBXFileReference; fileEncoding = 4; lastKnownFileType = sourcecode.c.objc; path = SDImageCache.m; sourceTree = "<group>"; };
		ED0F9BCB1BF3179700D59622 /* SDWebImageCompat.h */ = {isa = PBXFileReference; fileEncoding = 4; lastKnownFileType = sourcecode.c.h; path = SDWebImageCompat.h; sourceTree = "<group>"; };
		ED0F9BCC1BF3179700D59622 /* SDWebImageCompat.m */ = {isa = PBXFileReference; fileEncoding = 4; lastKnownFileType = sourcecode.c.objc; path = SDWebImageCompat.m; sourceTree = "<group>"; };
		ED0F9BCD1BF3179700D59622 /* SDWebImageDecoder.h */ = {isa = PBXFileReference; fileEncoding = 4; lastKnownFileType = sourcecode.c.h; path = SDWebImageDecoder.h; sourceTree = "<group>"; };
		ED0F9BCE1BF3179700D59622 /* SDWebImageDecoder.m */ = {isa = PBXFileReference; fileEncoding = 4; lastKnownFileType = sourcecode.c.objc; path = SDWebImageDecoder.m; sourceTree = "<group>"; };
		ED0F9BCF1BF3179700D59622 /* SDWebImageDownloader.h */ = {isa = PBXFileReference; fileEncoding = 4; lastKnownFileType = sourcecode.c.h; path = SDWebImageDownloader.h; sourceTree = "<group>"; };
		ED0F9BD01BF3179700D59622 /* SDWebImageDownloader.m */ = {isa = PBXFileReference; fileEncoding = 4; lastKnownFileType = sourcecode.c.objc; path = SDWebImageDownloader.m; sourceTree = "<group>"; };
		ED0F9BD11BF3179700D59622 /* SDWebImageDownloaderOperation.h */ = {isa = PBXFileReference; fileEncoding = 4; lastKnownFileType = sourcecode.c.h; path = SDWebImageDownloaderOperation.h; sourceTree = "<group>"; };
		ED0F9BD21BF3179700D59622 /* SDWebImageDownloaderOperation.m */ = {isa = PBXFileReference; fileEncoding = 4; lastKnownFileType = sourcecode.c.objc; path = SDWebImageDownloaderOperation.m; sourceTree = "<group>"; };
		ED0F9BD31BF3179700D59622 /* SDWebImageManager.h */ = {isa = PBXFileReference; fileEncoding = 4; lastKnownFileType = sourcecode.c.h; path = SDWebImageManager.h; sourceTree = "<group>"; };
		ED0F9BD41BF3179700D59622 /* SDWebImageManager.m */ = {isa = PBXFileReference; fileEncoding = 4; lastKnownFileType = sourcecode.c.objc; path = SDWebImageManager.m; sourceTree = "<group>"; };
		ED0F9BD51BF3179700D59622 /* SDWebImageOperation.h */ = {isa = PBXFileReference; fileEncoding = 4; lastKnownFileType = sourcecode.c.h; path = SDWebImageOperation.h; sourceTree = "<group>"; };
		ED0F9BD61BF3179700D59622 /* SDWebImagePrefetcher.h */ = {isa = PBXFileReference; fileEncoding = 4; lastKnownFileType = sourcecode.c.h; path = SDWebImagePrefetcher.h; sourceTree = "<group>"; };
		ED0F9BD71BF3179700D59622 /* SDWebImagePrefetcher.m */ = {isa = PBXFileReference; fileEncoding = 4; lastKnownFileType = sourcecode.c.objc; path = SDWebImagePrefetcher.m; sourceTree = "<group>"; };
		ED0F9BD81BF3179700D59622 /* UIButton+WebCache.h */ = {isa = PBXFileReference; fileEncoding = 4; lastKnownFileType = sourcecode.c.h; path = "UIButton+WebCache.h"; sourceTree = "<group>"; };
		ED0F9BD91BF3179700D59622 /* UIButton+WebCache.m */ = {isa = PBXFileReference; fileEncoding = 4; lastKnownFileType = sourcecode.c.objc; path = "UIButton+WebCache.m"; sourceTree = "<group>"; };
		ED0F9BDA1BF3179700D59622 /* UIImage+GIF.h */ = {isa = PBXFileReference; fileEncoding = 4; lastKnownFileType = sourcecode.c.h; path = "UIImage+GIF.h"; sourceTree = "<group>"; };
		ED0F9BDB1BF3179700D59622 /* UIImage+GIF.m */ = {isa = PBXFileReference; fileEncoding = 4; lastKnownFileType = sourcecode.c.objc; path = "UIImage+GIF.m"; sourceTree = "<group>"; };
		ED0F9BDC1BF3179700D59622 /* UIImage+MultiFormat.h */ = {isa = PBXFileReference; fileEncoding = 4; lastKnownFileType = sourcecode.c.h; path = "UIImage+MultiFormat.h"; sourceTree = "<group>"; };
		ED0F9BDD1BF3179700D59622 /* UIImage+MultiFormat.m */ = {isa = PBXFileReference; fileEncoding = 4; lastKnownFileType = sourcecode.c.objc; path = "UIImage+MultiFormat.m"; sourceTree = "<group>"; };
		ED0F9BDE1BF3179700D59622 /* UIImage+WebP.h */ = {isa = PBXFileReference; fileEncoding = 4; lastKnownFileType = sourcecode.c.h; path = "UIImage+WebP.h"; sourceTree = "<group>"; };
		ED0F9BDF1BF3179700D59622 /* UIImage+WebP.m */ = {isa = PBXFileReference; fileEncoding = 4; lastKnownFileType = sourcecode.c.objc; path = "UIImage+WebP.m"; sourceTree = "<group>"; };
		ED0F9BE01BF3179700D59622 /* UIImageView+HighlightedWebCache.h */ = {isa = PBXFileReference; fileEncoding = 4; lastKnownFileType = sourcecode.c.h; path = "UIImageView+HighlightedWebCache.h"; sourceTree = "<group>"; };
		ED0F9BE11BF3179700D59622 /* UIImageView+HighlightedWebCache.m */ = {isa = PBXFileReference; fileEncoding = 4; lastKnownFileType = sourcecode.c.objc; path = "UIImageView+HighlightedWebCache.m"; sourceTree = "<group>"; };
		ED0F9BE21BF3179700D59622 /* UIImageView+WebCache.h */ = {isa = PBXFileReference; fileEncoding = 4; lastKnownFileType = sourcecode.c.h; path = "UIImageView+WebCache.h"; sourceTree = "<group>"; };
		ED0F9BE31BF3179700D59622 /* UIImageView+WebCache.m */ = {isa = PBXFileReference; fileEncoding = 4; lastKnownFileType = sourcecode.c.objc; path = "UIImageView+WebCache.m"; sourceTree = "<group>"; };
		ED0F9BE41BF3179700D59622 /* UIView+WebCacheOperation.h */ = {isa = PBXFileReference; fileEncoding = 4; lastKnownFileType = sourcecode.c.h; path = "UIView+WebCacheOperation.h"; sourceTree = "<group>"; };
		ED0F9BE51BF3179700D59622 /* UIView+WebCacheOperation.m */ = {isa = PBXFileReference; fileEncoding = 4; lastKnownFileType = sourcecode.c.objc; path = "UIView+WebCacheOperation.m"; sourceTree = "<group>"; };
/* End PBXFileReference section */

/* Begin PBXFrameworksBuildPhase section */
		ED0F9B721BF30CA000D59622 /* Frameworks */ = {
			isa = PBXFrameworksBuildPhase;
			buildActionMask = 2147483647;
			files = (
			);
			runOnlyForDeploymentPostprocessing = 0;
		};
/* End PBXFrameworksBuildPhase section */

/* Begin PBXGroup section */
		ED0F9B6C1BF30CA000D59622 = {
			isa = PBXGroup;
			children = (
				ED0F9B771BF30CA000D59622 /* CCAdsPlayView */,
				ED0F9B761BF30CA000D59622 /* Products */,
			);
			sourceTree = "<group>";
		};
		ED0F9B761BF30CA000D59622 /* Products */ = {
			isa = PBXGroup;
			children = (
				ED0F9B751BF30CA000D59622 /* CCAdsPlayView.app */,
			);
			name = Products;
			sourceTree = "<group>";
		};
		ED0F9B771BF30CA000D59622 /* CCAdsPlayView */ = {
			isa = PBXGroup;
			children = (
				ED0F9BC41BF3179700D59622 /* SDWebImage */,
				ED0F9B8F1BF30D5D00D59622 /* CCAdsPlayView.h */,
				ED0F9B901BF30D5D00D59622 /* CCAdsPlayView.m */,
				ED0F9B7B1BF30CA000D59622 /* AppDelegate.h */,
				ED0F9B7C1BF30CA000D59622 /* AppDelegate.m */,
				ED0F9B7E1BF30CA000D59622 /* ViewController.h */,
				ED0F9B7F1BF30CA000D59622 /* ViewController.m */,
				ED0F9B811BF30CA000D59622 /* Main.storyboard */,
				ED0F9B841BF30CA000D59622 /* Assets.xcassets */,
				ED0F9B861BF30CA000D59622 /* LaunchScreen.storyboard */,
				ED0F9B891BF30CA000D59622 /* Info.plist */,
				ED0F9B781BF30CA000D59622 /* Supporting Files */,
			);
			path = CCAdsPlayView;
			sourceTree = "<group>";
		};
		ED0F9B781BF30CA000D59622 /* Supporting Files */ = {
			isa = PBXGroup;
			children = (
				ED0F9B791BF30CA000D59622 /* main.m */,
			);
			name = "Supporting Files";
			sourceTree = "<group>";
		};
		ED0F9BC41BF3179700D59622 /* SDWebImage */ = {
			isa = PBXGroup;
			children = (
				ED0F9BC51BF3179700D59622 /* MKAnnotationView+WebCache.h */,
				ED0F9BC61BF3179700D59622 /* MKAnnotationView+WebCache.m */,
				ED0F9BC71BF3179700D59622 /* NSData+ImageContentType.h */,
				ED0F9BC81BF3179700D59622 /* NSData+ImageContentType.m */,
				ED0F9BC91BF3179700D59622 /* SDImageCache.h */,
				ED0F9BCA1BF3179700D59622 /* SDImageCache.m */,
				ED0F9BCB1BF3179700D59622 /* SDWebImageCompat.h */,
				ED0F9BCC1BF3179700D59622 /* SDWebImageCompat.m */,
				ED0F9BCD1BF3179700D59622 /* SDWebImageDecoder.h */,
				ED0F9BCE1BF3179700D59622 /* SDWebImageDecoder.m */,
				ED0F9BCF1BF3179700D59622 /* SDWebImageDownloader.h */,
				ED0F9BD01BF3179700D59622 /* SDWebImageDownloader.m */,
				ED0F9BD11BF3179700D59622 /* SDWebImageDownloaderOperation.h */,
				ED0F9BD21BF3179700D59622 /* SDWebImageDownloaderOperation.m */,
				ED0F9BD31BF3179700D59622 /* SDWebImageManager.h */,
				ED0F9BD41BF3179700D59622 /* SDWebImageManager.m */,
				ED0F9BD51BF3179700D59622 /* SDWebImageOperation.h */,
				ED0F9BD61BF3179700D59622 /* SDWebImagePrefetcher.h */,
				ED0F9BD71BF3179700D59622 /* SDWebImagePrefetcher.m */,
				ED0F9BD81BF3179700D59622 /* UIButton+WebCache.h */,
				ED0F9BD91BF3179700D59622 /* UIButton+WebCache.m */,
				ED0F9BDA1BF3179700D59622 /* UIImage+GIF.h */,
				ED0F9BDB1BF3179700D59622 /* UIImage+GIF.m */,
				ED0F9BDC1BF3179700D59622 /* UIImage+MultiFormat.h */,
				ED0F9BDD1BF3179700D59622 /* UIImage+MultiFormat.m */,
				ED0F9BDE1BF3179700D59622 /* UIImage+WebP.h */,
				ED0F9BDF1BF3179700D59622 /* UIImage+WebP.m */,
				ED0F9BE01BF3179700D59622 /* UIImageView+HighlightedWebCache.h */,
				ED0F9BE11BF3179700D59622 /* UIImageView+HighlightedWebCache.m */,
				ED0F9BE21BF3179700D59622 /* UIImageView+WebCache.h */,
				ED0F9BE31BF3179700D59622 /* UIImageView+WebCache.m */,
				ED0F9BE41BF3179700D59622 /* UIView+WebCacheOperation.h */,
				ED0F9BE51BF3179700D59622 /* UIView+WebCacheOperation.m */,
			);
			path = SDWebImage;
			sourceTree = "<group>";
		};
/* End PBXGroup section */

/* Begin PBXNativeTarget section */
		ED0F9B741BF30CA000D59622 /* CCAdsPlayView */ = {
			isa = PBXNativeTarget;
			buildConfigurationList = ED0F9B8C1BF30CA000D59622 /* Build configuration list for PBXNativeTarget "CCAdsPlayView" */;
			buildPhases = (
				ED0F9B711BF30CA000D59622 /* Sources */,
				ED0F9B721BF30CA000D59622 /* Frameworks */,
				ED0F9B731BF30CA000D59622 /* Resources */,
			);
			buildRules = (
			);
			dependencies = (
			);
			name = CCAdsPlayView;
			productName = CCAdsPlayView;
			productReference = ED0F9B751BF30CA000D59622 /* CCAdsPlayView.app */;
			productType = "com.apple.product-type.application";
		};
/* End PBXNativeTarget section */

/* Begin PBXProject section */
		ED0F9B6D1BF30CA000D59622 /* Project object */ = {
			isa = PBXProject;
			attributes = {
				LastUpgradeCheck = 0710;
				ORGANIZATIONNAME = Cole;
				TargetAttributes = {
					ED0F9B741BF30CA000D59622 = {
						CreatedOnToolsVersion = 7.1;
					};
				};
			};
			buildConfigurationList = ED0F9B701BF30CA000D59622 /* Build configuration list for PBXProject "CCAdsPlayView" */;
			compatibilityVersion = "Xcode 3.2";
			developmentRegion = English;
			hasScannedForEncodings = 0;
			knownRegions = (
				en,
				Base,
			);
			mainGroup = ED0F9B6C1BF30CA000D59622;
			productRefGroup = ED0F9B761BF30CA000D59622 /* Products */;
			projectDirPath = "";
			projectRoot = "";
			targets = (
				ED0F9B741BF30CA000D59622 /* CCAdsPlayView */,
			);
		};
/* End PBXProject section */

/* Begin PBXResourcesBuildPhase section */
		ED0F9B731BF30CA000D59622 /* Resources */ = {
			isa = PBXResourcesBuildPhase;
			buildActionMask = 2147483647;
			files = (
				ED0F9B881BF30CA000D59622 /* LaunchScreen.storyboard in Resources */,
				ED0F9B851BF30CA000D59622 /* Assets.xcassets in Resources */,
				ED0F9B831BF30CA000D59622 /* Main.storyboard in Resources */,
			);
			runOnlyForDeploymentPostprocessing = 0;
		};
/* End PBXResourcesBuildPhase section */

/* Begin PBXSourcesBuildPhase section */
		ED0F9B711BF30CA000D59622 /* Sources */ = {
			isa = PBXSourcesBuildPhase;
			buildActionMask = 2147483647;
			files = (
				ED0F9BF31BF3179700D59622 /* UIImageView+HighlightedWebCache.m in Sources */,
				ED0F9BF11BF3179700D59622 /* UIImage+MultiFormat.m in Sources */,
				ED0F9BEC1BF3179700D59622 /* SDWebImageDownloaderOperation.m in Sources */,
				ED0F9B801BF30CA000D59622 /* ViewController.m in Sources */,
				ED0F9BE91BF3179700D59622 /* SDWebImageCompat.m in Sources */,
				ED0F9BF01BF3179700D59622 /* UIImage+GIF.m in Sources */,
				ED0F9BEE1BF3179700D59622 /* SDWebImagePrefetcher.m in Sources */,
				ED0F9B911BF30D5D00D59622 /* CCAdsPlayView.m in Sources */,
				ED0F9B7D1BF30CA000D59622 /* AppDelegate.m in Sources */,
				ED0F9BF21BF3179700D59622 /* UIImage+WebP.m in Sources */,
				ED0F9BF41BF3179700D59622 /* UIImageView+WebCache.m in Sources */,
				ED0F9BEB1BF3179700D59622 /* SDWebImageDownloader.m in Sources */,
				ED0F9BF51BF3179700D59622 /* UIView+WebCacheOperation.m in Sources */,
				ED0F9BEF1BF3179700D59622 /* UIButton+WebCache.m in Sources */,
				ED0F9BE61BF3179700D59622 /* MKAnnotationView+WebCache.m in Sources */,
				ED0F9BE71BF3179700D59622 /* NSData+ImageContentType.m in Sources */,
				ED0F9B7A1BF30CA000D59622 /* main.m in Sources */,
				ED0F9BED1BF3179700D59622 /* SDWebImageManager.m in Sources */,
				ED0F9BEA1BF3179700D59622 /* SDWebImageDecoder.m in Sources */,
				ED0F9BE81BF3179700D59622 /* SDImageCache.m in Sources */,
			);
			runOnlyForDeploymentPostprocessing = 0;
		};
/* End PBXSourcesBuildPhase section */

/* Begin PBXVariantGroup section */
		ED0F9B811BF30CA000D59622 /* Main.storyboard */ = {
			isa = PBXVariantGroup;
			children = (
				ED0F9B821BF30CA000D59622 /* Base */,
			);
			name = Main.storyboard;
			sourceTree = "<group>";
		};
		ED0F9B861BF30CA000D59622 /* LaunchScreen.storyboard */ = {
			isa = PBXVariantGroup;
			children = (
				ED0F9B871BF30CA000D59622 /* Base */,
			);
			name = LaunchScreen.storyboard;
			sourceTree = "<group>";
		};
/* End PBXVariantGroup section */

/* Begin XCBuildConfiguration section */
		ED0F9B8A1BF30CA000D59622 /* Debug */ = {
			isa = XCBuildConfiguration;
			buildSettings = {
				ALWAYS_SEARCH_USER_PATHS = NO;
				CLANG_CXX_LANGUAGE_STANDARD = "gnu++0x";
				CLANG_CXX_LIBRARY = "libc++";
				CLANG_ENABLE_MODULES = YES;
				CLANG_ENABLE_OBJC_ARC = YES;
				CLANG_WARN_BOOL_CONVERSION = YES;
				CLANG_WARN_CONSTANT_CONVERSION = YES;
				CLANG_WARN_DIRECT_OBJC_ISA_USAGE = YES_ERROR;
				CLANG_WARN_EMPTY_BODY = YES;
				CLANG_WARN_ENUM_CONVERSION = YES;
				CLANG_WARN_INT_CONVERSION = YES;
				CLANG_WARN_OBJC_ROOT_CLASS = YES_ERROR;
				CLANG_WARN_UNREACHABLE_CODE = YES;
				CLANG_WARN__DUPLICATE_METHOD_MATCH = YES;
				"CODE_SIGN_IDENTITY[sdk=iphoneos*]" = "iPhone Developer";
				COPY_PHASE_STRIP = NO;
				DEBUG_INFORMATION_FORMAT = dwarf;
				ENABLE_STRICT_OBJC_MSGSEND = YES;
				ENABLE_TESTABILITY = YES;
				GCC_C_LANGUAGE_STANDARD = gnu99;
				GCC_DYNAMIC_NO_PIC = NO;
				GCC_NO_COMMON_BLOCKS = YES;
				GCC_OPTIMIZATION_LEVEL = 0;
				GCC_PREPROCESSOR_DEFINITIONS = (
					"DEBUG=1",
					"$(inherited)",
				);
				GCC_WARN_64_TO_32_BIT_CONVERSION = YES;
				GCC_WARN_ABOUT_RETURN_TYPE = YES_ERROR;
				GCC_WARN_UNDECLARED_SELECTOR = YES;
				GCC_WARN_UNINITIALIZED_AUTOS = YES_AGGRESSIVE;
				GCC_WARN_UNUSED_FUNCTION = YES;
				GCC_WARN_UNUSED_VARIABLE = YES;
				IPHONEOS_DEPLOYMENT_TARGET = 9.1;
				MTL_ENABLE_DEBUG_INFO = YES;
				ONLY_ACTIVE_ARCH = YES;
				SDKROOT = iphoneos;
			};
			name = Debug;
		};
		ED0F9B8B1BF30CA000D59622 /* Release */ = {
			isa = XCBuildConfiguration;
			buildSettings = {
				ALWAYS_SEARCH_USER_PATHS = NO;
				CLANG_CXX_LANGUAGE_STANDARD = "gnu++0x";
				CLANG_CXX_LIBRARY = "libc++";
				CLANG_ENABLE_MODULES = YES;
				CLANG_ENABLE_OBJC_ARC = YES;
				CLANG_WARN_BOOL_CONVERSION = YES;
				CLANG_WARN_CONSTANT_CONVERSION = YES;
				CLANG_WARN_DIRECT_OBJC_ISA_USAGE = YES_ERROR;
				CLANG_WARN_EMPTY_BODY = YES;
				CLANG_WARN_ENUM_CONVERSION = YES;
				CLANG_WARN_INT_CONVERSION = YES;
				CLANG_WARN_OBJC_ROOT_CLASS = YES_ERROR;
				CLANG_WARN_UNREACHABLE_CODE = YES;
				CLANG_WARN__DUPLICATE_METHOD_MATCH = YES;
				"CODE_SIGN_IDENTITY[sdk=iphoneos*]" = "iPhone Developer";
				COPY_PHASE_STRIP = NO;
				DEBUG_INFORMATION_FORMAT = "dwarf-with-dsym";
				ENABLE_NS_ASSERTIONS = NO;
				ENABLE_STRICT_OBJC_MSGSEND = YES;
				GCC_C_LANGUAGE_STANDARD = gnu99;
				GCC_NO_COMMON_BLOCKS = YES;
				GCC_WARN_64_TO_32_BIT_CONVERSION = YES;
				GCC_WARN_ABOUT_RETURN_TYPE = YES_ERROR;
				GCC_WARN_UNDECLARED_SELECTOR = YES;
				GCC_WARN_UNINITIALIZED_AUTOS = YES_AGGRESSIVE;
				GCC_WARN_UNUSED_FUNCTION = YES;
				GCC_WARN_UNUSED_VARIABLE = YES;
				IPHONEOS_DEPLOYMENT_TARGET = 9.1;
				MTL_ENABLE_DEBUG_INFO = NO;
				SDKROOT = iphoneos;
				VALIDATE_PRODUCT = YES;
			};
			name = Release;
		};
		ED0F9B8D1BF30CA000D59622 /* Debug */ = {
			isa = XCBuildConfiguration;
			buildSettings = {
				ASSETCATALOG_COMPILER_APPICON_NAME = AppIcon;
				INFOPLIST_FILE = CCAdsPlayView/Info.plist;
				LD_RUNPATH_SEARCH_PATHS = "$(inherited) @executable_path/Frameworks";
				PRODUCT_BUNDLE_IDENTIFIER = xm.CCAdsPlayView;
				PRODUCT_NAME = "$(TARGET_NAME)";
			};
			name = Debug;
		};
		ED0F9B8E1BF30CA000D59622 /* Release */ = {
			isa = XCBuildConfiguration;
			buildSettings = {
				ASSETCATALOG_COMPILER_APPICON_NAME = AppIcon;
				INFOPLIST_FILE = CCAdsPlayView/Info.plist;
				LD_RUNPATH_SEARCH_PATHS = "$(inherited) @executable_path/Frameworks";
				PRODUCT_BUNDLE_IDENTIFIER = xm.CCAdsPlayView;
				PRODUCT_NAME = "$(TARGET_NAME)";
			};
			name = Release;
		};
/* End XCBuildConfiguration section */

/* Begin XCConfigurationList section */
		ED0F9B701BF30CA000D59622 /* Build configuration list for PBXProject "CCAdsPlayView" */ = {
			isa = XCConfigurationList;
			buildConfigurations = (
				ED0F9B8A1BF30CA000D59622 /* Debug */,
				ED0F9B8B1BF30CA000D59622 /* Release */,
			);
			defaultConfigurationIsVisible = 0;
			defaultConfigurationName = Release;
		};
		ED0F9B8C1BF30CA000D59622 /* Build configuration list for PBXNativeTarget "CCAdsPlayView" */ = {
			isa = XCConfigurationList;
			buildConfigurations = (
				ED0F9B8D1BF30CA000D59622 /* Debug */,
				ED0F9B8E1BF30CA000D59622 /* Release */,
			);
			defaultConfigurationIsVisible = 0;
			defaultConfigurationName = Release;
		};
/* End XCConfigurationList section */
	};
	rootObject = ED0F9B6D1BF30CA000D59622 /* Project object */;
}
